// !$*UTF8*$!
{
	archiveVersion = 1;
	classes = {
	};
	objectVersion = 56;
	objects = {

/* Begin PBXBuildFile section */
		15C8690929FA7310003E7070 /* AppDelegate.swift in Sources */ = {isa = PBXBuildFile; fileRef = 15C8690829FA7310003E7070 /* AppDelegate.swift */; };
		15C8690B29FA7310003E7070 /* SceneDelegate.swift in Sources */ = {isa = PBXBuildFile; fileRef = 15C8690A29FA7310003E7070 /* SceneDelegate.swift */; };
		15C8690D29FA7310003E7070 /* ViewController.swift in Sources */ = {isa = PBXBuildFile; fileRef = 15C8690C29FA7310003E7070 /* ViewController.swift */; };
		15C8691029FA7310003E7070 /* Main.storyboard in Resources */ = {isa = PBXBuildFile; fileRef = 15C8690E29FA7310003E7070 /* Main.storyboard */; };
		15C8691229FA7312003E7070 /* Assets.xcassets in Resources */ = {isa = PBXBuildFile; fileRef = 15C8691129FA7312003E7070 /* Assets.xcassets */; };
		15C8691529FA7312003E7070 /* LaunchScreen.storyboard in Resources */ = {isa = PBXBuildFile; fileRef = 15C8691329FA7312003E7070 /* LaunchScreen.storyboard */; };
		15C8692029FA7312003E7070 /* WeatherTests.swift in Sources */ = {isa = PBXBuildFile; fileRef = 15C8691F29FA7312003E7070 /* WeatherTests.swift */; };
		15C8692A29FA7312003E7070 /* WeatherUITests.swift in Sources */ = {isa = PBXBuildFile; fileRef = 15C8692929FA7312003E7070 /* WeatherUITests.swift */; };
		15C8692C29FA7312003E7070 /* WeatherUITestsLaunchTests.swift in Sources */ = {isa = PBXBuildFile; fileRef = 15C8692B29FA7312003E7070 /* WeatherUITestsLaunchTests.swift */; };
		15C8693929FA752B003E7070 /* GetWeatherViewController.swift in Sources */ = {isa = PBXBuildFile; fileRef = 15C8693829FA752B003E7070 /* GetWeatherViewController.swift */; };
		15C8693C29FA8252003E7070 /* Alamofire in Frameworks */ = {isa = PBXBuildFile; productRef = 15C8693B29FA8252003E7070 /* Alamofire */; };
		15C8693E29FA8DA4003E7070 /* WeatherModel.swift in Sources */ = {isa = PBXBuildFile; fileRef = 15C8693D29FA8DA4003E7070 /* WeatherModel.swift */; };
/* End PBXBuildFile section */

/* Begin PBXContainerItemProxy section */
		15C8691C29FA7312003E7070 /* PBXContainerItemProxy */ = {
			isa = PBXContainerItemProxy;
			containerPortal = 15C868FD29FA7310003E7070 /* Project object */;
			proxyType = 1;
			remoteGlobalIDString = 15C8690429FA7310003E7070;
			remoteInfo = Weather;
		};
		15C8692629FA7312003E7070 /* PBXContainerItemProxy */ = {
			isa = PBXContainerItemProxy;
			containerPortal = 15C868FD29FA7310003E7070 /* Project object */;
			proxyType = 1;
			remoteGlobalIDString = 15C8690429FA7310003E7070;
			remoteInfo = Weather;
		};
/* End PBXContainerItemProxy section */

/* Begin PBXFileReference section */
		15C8690529FA7310003E7070 /* Weather.app */ = {isa = PBXFileReference; explicitFileType = wrapper.application; includeInIndex = 0; path = Weather.app; sourceTree = BUILT_PRODUCTS_DIR; };
		15C8690829FA7310003E7070 /* AppDelegate.swift */ = {isa = PBXFileReference; lastKnownFileType = sourcecode.swift; path = AppDelegate.swift; sourceTree = "<group>"; };
		15C8690A29FA7310003E7070 /* SceneDelegate.swift */ = {isa = PBXFileReference; lastKnownFileType = sourcecode.swift; path = SceneDelegate.swift; sourceTree = "<group>"; };
		15C8690C29FA7310003E7070 /* ViewController.swift */ = {isa = PBXFileReference; lastKnownFileType = sourcecode.swift; path = ViewController.swift; sourceTree = "<group>"; };
		15C8690F29FA7310003E7070 /* Base */ = {isa = PBXFileReference; lastKnownFileType = file.storyboard; name = Base; path = Base.lproj/Main.storyboard; sourceTree = "<group>"; };
		15C8691129FA7312003E7070 /* Assets.xcassets */ = {isa = PBXFileReference; lastKnownFileType = folder.assetcatalog; path = Assets.xcassets; sourceTree = "<group>"; };
		15C8691429FA7312003E7070 /* Base */ = {isa = PBXFileReference; lastKnownFileType = file.storyboard; name = Base; path = Base.lproj/LaunchScreen.storyboard; sourceTree = "<group>"; };
		15C8691629FA7312003E7070 /* Info.plist */ = {isa = PBXFileReference; lastKnownFileType = text.plist.xml; path = Info.plist; sourceTree = "<group>"; };
		15C8691B29FA7312003E7070 /* WeatherTests.xctest */ = {isa = PBXFileReference; explicitFileType = wrapper.cfbundle; includeInIndex = 0; path = WeatherTests.xctest; sourceTree = BUILT_PRODUCTS_DIR; };
		15C8691F29FA7312003E7070 /* WeatherTests.swift */ = {isa = PBXFileReference; lastKnownFileType = sourcecode.swift; path = WeatherTests.swift; sourceTree = "<group>"; };
		15C8692529FA7312003E7070 /* WeatherUITests.xctest */ = {isa = PBXFileReference; explicitFileType = wrapper.cfbundle; includeInIndex = 0; path = WeatherUITests.xctest; sourceTree = BUILT_PRODUCTS_DIR; };
		15C8692929FA7312003E7070 /* WeatherUITests.swift */ = {isa = PBXFileReference; lastKnownFileType = sourcecode.swift; path = WeatherUITests.swift; sourceTree = "<group>"; };
		15C8692B29FA7312003E7070 /* WeatherUITestsLaunchTests.swift */ = {isa = PBXFileReference; lastKnownFileType = sourcecode.swift; path = WeatherUITestsLaunchTests.swift; sourceTree = "<group>"; };
		15C8693829FA752B003E7070 /* GetWeatherViewController.swift */ = {isa = PBXFileReference; lastKnownFileType = sourcecode.swift; path = GetWeatherViewController.swift; sourceTree = "<group>"; };
		15C8693D29FA8DA4003E7070 /* WeatherModel.swift */ = {isa = PBXFileReference; lastKnownFileType = sourcecode.swift; path = WeatherModel.swift; sourceTree = "<group>"; };
/* End PBXFileReference section */

/* Begin PBXFrameworksBuildPhase section */
		15C8690229FA7310003E7070 /* Frameworks */ = {
			isa = PBXFrameworksBuildPhase;
			buildActionMask = 2147483647;
			files = (
				15C8693C29FA8252003E7070 /* Alamofire in Frameworks */,
			);
			runOnlyForDeploymentPostprocessing = 0;
		};
		15C8691829FA7312003E7070 /* Frameworks */ = {
			isa = PBXFrameworksBuildPhase;
			buildActionMask = 2147483647;
			files = (
			);
			runOnlyForDeploymentPostprocessing = 0;
		};
		15C8692229FA7312003E7070 /* Frameworks */ = {
			isa = PBXFrameworksBuildPhase;
			buildActionMask = 2147483647;
			files = (
			);
			runOnlyForDeploymentPostprocessing = 0;
		};
/* End PBXFrameworksBuildPhase section */

/* Begin PBXGroup section */
		15C868FC29FA7310003E7070 = {
			isa = PBXGroup;
			children = (
				15C8690729FA7310003E7070 /* Weather */,
				15C8691E29FA7312003E7070 /* WeatherTests */,
				15C8692829FA7312003E7070 /* WeatherUITests */,
				15C8690629FA7310003E7070 /* Products */,
			);
			sourceTree = "<group>";
		};
		15C8690629FA7310003E7070 /* Products */ = {
			isa = PBXGroup;
			children = (
				15C8690529FA7310003E7070 /* Weather.app */,
				15C8691B29FA7312003E7070 /* WeatherTests.xctest */,
				15C8692529FA7312003E7070 /* WeatherUITests.xctest */,
			);
			name = Products;
			sourceTree = "<group>";
		};
		15C8690729FA7310003E7070 /* Weather */ = {
			isa = PBXGroup;
			children = (
				15C8690829FA7310003E7070 /* AppDelegate.swift */,
				15C8690A29FA7310003E7070 /* SceneDelegate.swift */,
				15C8690C29FA7310003E7070 /* ViewController.swift */,
				15C8690E29FA7310003E7070 /* Main.storyboard */,
				15C8691129FA7312003E7070 /* Assets.xcassets */,
				15C8691329FA7312003E7070 /* LaunchScreen.storyboard */,
				15C8691629FA7312003E7070 /* Info.plist */,
				15C8693829FA752B003E7070 /* GetWeatherViewController.swift */,
				15C8693D29FA8DA4003E7070 /* WeatherModel.swift */,
			);
			path = Weather;
			sourceTree = "<group>";
		};
		15C8691E29FA7312003E7070 /* WeatherTests */ = {
			isa = PBXGroup;
			children = (
				15C8691F29FA7312003E7070 /* WeatherTests.swift */,
			);
			path = WeatherTests;
			sourceTree = "<group>";
		};
		15C8692829FA7312003E7070 /* WeatherUITests */ = {
			isa = PBXGroup;
			children = (
				15C8692929FA7312003E7070 /* WeatherUITests.swift */,
				15C8692B29FA7312003E7070 /* WeatherUITestsLaunchTests.swift */,
			);
			path = WeatherUITests;
			sourceTree = "<group>";
		};
/* End PBXGroup section */

/* Begin PBXNativeTarget section */
		15C8690429FA7310003E7070 /* Weather */ = {
			isa = PBXNativeTarget;
			buildConfigurationList = 15C8692F29FA7312003E7070 /* Build configuration list for PBXNativeTarget "Weather" */;
			buildPhases = (
				15C8690129FA7310003E7070 /* Sources */,
				15C8690229FA7310003E7070 /* Frameworks */,
				15C8690329FA7310003E7070 /* Resources */,
			);
			buildRules = (
			);
			dependencies = (
			);
			name = Weather;
			packageProductDependencies = (
				15C8693B29FA8252003E7070 /* Alamofire */,
			);
			productName = Weather;
			productReference = 15C8690529FA7310003E7070 /* Weather.app */;
			productType = "com.apple.product-type.application";
		};
		15C8691A29FA7312003E7070 /* WeatherTests */ = {
			isa = PBXNativeTarget;
			buildConfigurationList = 15C8693229FA7312003E7070 /* Build configuration list for PBXNativeTarget "WeatherTests" */;
			buildPhases = (
				15C8691729FA7312003E7070 /* Sources */,
				15C8691829FA7312003E7070 /* Frameworks */,
				15C8691929FA7312003E7070 /* Resources */,
			);
			buildRules = (
			);
			dependencies = (
				15C8691D29FA7312003E7070 /* PBXTargetDependency */,
			);
			name = WeatherTests;
			productName = WeatherTests;
			productReference = 15C8691B29FA7312003E7070 /* WeatherTests.xctest */;
			productType = "com.apple.product-type.bundle.unit-test";
		};
		15C8692429FA7312003E7070 /* WeatherUITests */ = {
			isa = PBXNativeTarget;
			buildConfigurationList = 15C8693529FA7312003E7070 /* Build configuration list for PBXNativeTarget "WeatherUITests" */;
			buildPhases = (
				15C8692129FA7312003E7070 /* Sources */,
				15C8692229FA7312003E7070 /* Frameworks */,
				15C8692329FA7312003E7070 /* Resources */,
			);
			buildRules = (
			);
			dependencies = (
				15C8692729FA7312003E7070 /* PBXTargetDependency */,
			);
			name = WeatherUITests;
			productName = WeatherUITests;
			productReference = 15C8692529FA7312003E7070 /* WeatherUITests.xctest */;
			productType = "com.apple.product-type.bundle.ui-testing";
		};
/* End PBXNativeTarget section */

/* Begin PBXProject section */
		15C868FD29FA7310003E7070 /* Project object */ = {
			isa = PBXProject;
			attributes = {
				BuildIndependentTargetsInParallel = 1;
				LastSwiftUpdateCheck = 1420;
				LastUpgradeCheck = 1420;
				TargetAttributes = {
					15C8690429FA7310003E7070 = {
						CreatedOnToolsVersion = 14.2;
					};
					15C8691A29FA7312003E7070 = {
						CreatedOnToolsVersion = 14.2;
						TestTargetID = 15C8690429FA7310003E7070;
					};
					15C8692429FA7312003E7070 = {
						CreatedOnToolsVersion = 14.2;
						TestTargetID = 15C8690429FA7310003E7070;
					};
				};
			};
			buildConfigurationList = 15C8690029FA7310003E7070 /* Build configuration list for PBXProject "Weather" */;
			compatibilityVersion = "Xcode 14.0";
			developmentRegion = en;
			hasScannedForEncodings = 0;
			knownRegions = (
				en,
				Base,
			);
			mainGroup = 15C868FC29FA7310003E7070;
			packageReferences = (
				15C8693A29FA8252003E7070 /* XCRemoteSwiftPackageReference "Alamofire" */,
			);
			productRefGroup = 15C8690629FA7310003E7070 /* Products */;
			projectDirPath = "";
			projectRoot = "";
			targets = (
				15C8690429FA7310003E7070 /* Weather */,
				15C8691A29FA7312003E7070 /* WeatherTests */,
				15C8692429FA7312003E7070 /* WeatherUITests */,
			);
		};
/* End PBXProject section */

/* Begin PBXResourcesBuildPhase section */
		15C8690329FA7310003E7070 /* Resources */ = {
			isa = PBXResourcesBuildPhase;
			buildActionMask = 2147483647;
			files = (
				15C8691529FA7312003E7070 /* LaunchScreen.storyboard in Resources */,
				15C8691229FA7312003E7070 /* Assets.xcassets in Resources */,
				15C8691029FA7310003E7070 /* Main.storyboard in Resources */,
			);
			runOnlyForDeploymentPostprocessing = 0;
		};
		15C8691929FA7312003E7070 /* Resources */ = {
			isa = PBXResourcesBuildPhase;
			buildActionMask = 2147483647;
			files = (
			);
			runOnlyForDeploymentPostprocessing = 0;
		};
		15C8692329FA7312003E7070 /* Resources */ = {
			isa = PBXResourcesBuildPhase;
			buildActionMask = 2147483647;
			files = (
			);
			runOnlyForDeploymentPostprocessing = 0;
		};
/* End PBXResourcesBuildPhase section */

/* Begin PBXSourcesBuildPhase section */
		15C8690129FA7310003E7070 /* Sources */ = {
			isa = PBXSourcesBuildPhase;
			buildActionMask = 2147483647;
			files = (
				15C8693929FA752B003E7070 /* GetWeatherViewController.swift in Sources */,
				15C8690D29FA7310003E7070 /* ViewController.swift in Sources */,
				15C8690929FA7310003E7070 /* AppDelegate.swift in Sources */,
				15C8690B29FA7310003E7070 /* SceneDelegate.swift in Sources */,
				15C8693E29FA8DA4003E7070 /* WeatherModel.swift in Sources */,
			);
			runOnlyForDeploymentPostprocessing = 0;
		};
		15C8691729FA7312003E7070 /* Sources */ = {
			isa = PBXSourcesBuildPhase;
			buildActionMask = 2147483647;
			files = (
				15C8692029FA7312003E7070 /* WeatherTests.swift in Sources */,
			);
			runOnlyForDeploymentPostprocessing = 0;
		};
		15C8692129FA7312003E7070 /* Sources */ = {
			isa = PBXSourcesBuildPhase;
			buildActionMask = 2147483647;
			files = (
				15C8692A29FA7312003E7070 /* WeatherUITests.swift in Sources */,
				15C8692C29FA7312003E7070 /* WeatherUITestsLaunchTests.swift in Sources */,
			);
			runOnlyForDeploymentPostprocessing = 0;
		};
/* End PBXSourcesBuildPhase section */

/* Begin PBXTargetDependency section */
		15C8691D29FA7312003E7070 /* PBXTargetDependency */ = {
			isa = PBXTargetDependency;
			target = 15C8690429FA7310003E7070 /* Weather */;
			targetProxy = 15C8691C29FA7312003E7070 /* PBXContainerItemProxy */;
		};
		15C8692729FA7312003E7070 /* PBXTargetDependency */ = {
			isa = PBXTargetDependency;
			target = 15C8690429FA7310003E7070 /* Weather */;
			targetProxy = 15C8692629FA7312003E7070 /* PBXContainerItemProxy */;
		};
/* End PBXTargetDependency section */

/* Begin PBXVariantGroup section */
		15C8690E29FA7310003E7070 /* Main.storyboard */ = {
			isa = PBXVariantGroup;
			children = (
				15C8690F29FA7310003E7070 /* Base */,
			);
			name = Main.storyboard;
			sourceTree = "<group>";
		};
		15C8691329FA7312003E7070 /* LaunchScreen.storyboard */ = {
			isa = PBXVariantGroup;
			children = (
				15C8691429FA7312003E7070 /* Base */,
			);
			name = LaunchScreen.storyboard;
			sourceTree = "<group>";
		};
/* End PBXVariantGroup section */

/* Begin XCBuildConfiguration section */
		15C8692D29FA7312003E7070 /* Debug */ = {
			isa = XCBuildConfiguration;
			buildSettings = {
				ALWAYS_SEARCH_USER_PATHS = NO;
				CLANG_ANALYZER_NONNULL = YES;
				CLANG_ANALYZER_NUMBER_OBJECT_CONVERSION = YES_AGGRESSIVE;
				CLANG_CXX_LANGUAGE_STANDARD = "gnu++20";
				CLANG_ENABLE_MODULES = YES;
				CLANG_ENABLE_OBJC_ARC = YES;
				CLANG_ENABLE_OBJC_WEAK = YES;
				CLANG_WARN_BLOCK_CAPTURE_AUTORELEASING = YES;
				CLANG_WARN_BOOL_CONVERSION = YES;
				CLANG_WARN_COMMA = YES;
				CLANG_WARN_CONSTANT_CONVERSION = YES;
				CLANG_WARN_DEPRECATED_OBJC_IMPLEMENTATIONS = YES;
				CLANG_WARN_DIRECT_OBJC_ISA_USAGE = YES_ERROR;
				CLANG_WARN_DOCUMENTATION_COMMENTS = YES;
				CLANG_WARN_EMPTY_BODY = YES;
				CLANG_WARN_ENUM_CONVERSION = YES;
				CLANG_WARN_INFINITE_RECURSION = YES;
				CLANG_WARN_INT_CONVERSION = YES;
				CLANG_WARN_NON_LITERAL_NULL_CONVERSION = YES;
				CLANG_WARN_OBJC_IMPLICIT_RETAIN_SELF = YES;
				CLANG_WARN_OBJC_LITERAL_CONVERSION = YES;
				CLANG_WARN_OBJC_ROOT_CLASS = YES_ERROR;
				CLANG_WARN_QUOTED_INCLUDE_IN_FRAMEWORK_HEADER = YES;
				CLANG_WARN_RANGE_LOOP_ANALYSIS = YES;
				CLANG_WARN_STRICT_PROTOTYPES = YES;
				CLANG_WARN_SUSPICIOUS_MOVE = YES;
				CLANG_WARN_UNGUARDED_AVAILABILITY = YES_AGGRESSIVE;
				CLANG_WARN_UNREACHABLE_CODE = YES;
				CLANG_WARN__DUPLICATE_METHOD_MATCH = YES;
				COPY_PHASE_STRIP = NO;
				DEBUG_INFORMATION_FORMAT = dwarf;
				ENABLE_STRICT_OBJC_MSGSEND = YES;
				ENABLE_TESTABILITY = YES;
				GCC_C_LANGUAGE_STANDARD = gnu11;
				GCC_DYNAMIC_NO_PIC = NO;
				GCC_NO_COMMON_BLOCKS = YES;
				GCC_OPTIMIZATION_LEVEL = 0;
				GCC_PREPROCESSOR_DEFINITIONS = (
					"DEBUG=1",
					"$(inherited)",
				);
				GCC_WARN_64_TO_32_BIT_CONVERSION = YES;
				GCC_WARN_ABOUT_RETURN_TYPE = YES_ERROR;
				GCC_WARN_UNDECLARED_SELECTOR = YES;
				GCC_WARN_UNINITIALIZED_AUTOS = YES_AGGRESSIVE;
				GCC_WARN_UNUSED_FUNCTION = YES;
				GCC_WARN_UNUSED_VARIABLE = YES;
				IPHONEOS_DEPLOYMENT_TARGET = 16.2;
				MTL_ENABLE_DEBUG_INFO = INCLUDE_SOURCE;
				MTL_FAST_MATH = YES;
				ONLY_ACTIVE_ARCH = YES;
				SDKROOT = iphoneos;
				SWIFT_ACTIVE_COMPILATION_CONDITIONS = DEBUG;
				SWIFT_OPTIMIZATION_LEVEL = "-Onone";
			};
			name = Debug;
		};
		15C8692E29FA7312003E7070 /* Release */ = {
			isa = XCBuildConfiguration;
			buildSettings = {
				ALWAYS_SEARCH_USER_PATHS = NO;
				CLANG_ANALYZER_NONNULL = YES;
				CLANG_ANALYZER_NUMBER_OBJECT_CONVERSION = YES_AGGRESSIVE;
				CLANG_CXX_LANGUAGE_STANDARD = "gnu++20";
				CLANG_ENABLE_MODULES = YES;
				CLANG_ENABLE_OBJC_ARC = YES;
				CLANG_ENABLE_OBJC_WEAK = YES;
				CLANG_WARN_BLOCK_CAPTURE_AUTORELEASING = YES;
				CLANG_WARN_BOOL_CONVERSION = YES;
				CLANG_WARN_COMMA = YES;
				CLANG_WARN_CONSTANT_CONVERSION = YES;
				CLANG_WARN_DEPRECATED_OBJC_IMPLEMENTATIONS = YES;
				CLANG_WARN_DIRECT_OBJC_ISA_USAGE = YES_ERROR;
				CLANG_WARN_DOCUMENTATION_COMMENTS = YES;
				CLANG_WARN_EMPTY_BODY = YES;
				CLANG_WARN_ENUM_CONVERSION = YES;
				CLANG_WARN_INFINITE_RECURSION = YES;
				CLANG_WARN_INT_CONVERSION = YES;
				CLANG_WARN_NON_LITERAL_NULL_CONVERSION = YES;
				CLANG_WARN_OBJC_IMPLICIT_RETAIN_SELF = YES;
				CLANG_WARN_OBJC_LITERAL_CONVERSION = YES;
				CLANG_WARN_OBJC_ROOT_CLASS = YES_ERROR;
				CLANG_WARN_QUOTED_INCLUDE_IN_FRAMEWORK_HEADER = YES;
				CLANG_WARN_RANGE_LOOP_ANALYSIS = YES;
				CLANG_WARN_STRICT_PROTOTYPES = YES;
				CLANG_WARN_SUSPICIOUS_MOVE = YES;
				CLANG_WARN_UNGUARDED_AVAILABILITY = YES_AGGRESSIVE;
				CLANG_WARN_UNREACHABLE_CODE = YES;
				CLANG_WARN__DUPLICATE_METHOD_MATCH = YES;
				COPY_PHASE_STRIP = NO;
				DEBUG_INFORMATION_FORMAT = "dwarf-with-dsym";
				ENABLE_NS_ASSERTIONS = NO;
				ENABLE_STRICT_OBJC_MSGSEND = YES;
				GCC_C_LANGUAGE_STANDARD = gnu11;
				GCC_NO_COMMON_BLOCKS = YES;
				GCC_WARN_64_TO_32_BIT_CONVERSION = YES;
				GCC_WARN_ABOUT_RETURN_TYPE = YES_ERROR;
				GCC_WARN_UNDECLARED_SELECTOR = YES;
				GCC_WARN_UNINITIALIZED_AUTOS = YES_AGGRESSIVE;
				GCC_WARN_UNUSED_FUNCTION = YES;
				GCC_WARN_UNUSED_VARIABLE = YES;
				IPHONEOS_DEPLOYMENT_TARGET = 16.2;
				MTL_ENABLE_DEBUG_INFO = NO;
				MTL_FAST_MATH = YES;
				SDKROOT = iphoneos;
				SWIFT_COMPILATION_MODE = wholemodule;
				SWIFT_OPTIMIZATION_LEVEL = "-O";
				VALIDATE_PRODUCT = YES;
			};
			name = Release;
		};
		15C8693029FA7312003E7070 /* Debug */ = {
			isa = XCBuildConfiguration;
			buildSettings = {
				ASSETCATALOG_COMPILER_APPICON_NAME = AppIcon;
				ASSETCATALOG_COMPILER_GLOBAL_ACCENT_COLOR_NAME = AccentColor;
				CODE_SIGN_STYLE = Automatic;
				CURRENT_PROJECT_VERSION = 1;
				DEVELOPMENT_TEAM = 8HKVNABZM4;
				GENERATE_INFOPLIST_FILE = YES;
				INFOPLIST_FILE = Weather/Info.plist;
				INFOPLIST_KEY_UIApplicationSupportsIndirectInputEvents = YES;
				INFOPLIST_KEY_UILaunchStoryboardName = LaunchScreen;
				INFOPLIST_KEY_UIMainStoryboardFile = Main;
				INFOPLIST_KEY_UISupportedInterfaceOrientations_iPad = "UIInterfaceOrientationPortrait UIInterfaceOrientationPortraitUpsideDown UIInterfaceOrientationLandscapeLeft UIInterfaceOrientationLandscapeRight";
				INFOPLIST_KEY_UISupportedInterfaceOrientations_iPhone = "UIInterfaceOrientationPortrait UIInterfaceOrientationLandscapeLeft UIInterfaceOrientationLandscapeRight";
				LD_RUNPATH_SEARCH_PATHS = (
					"$(inherited)",
					"@executable_path/Frameworks",
				);
				MARKETING_VERSION = 1.0;
				PRODUCT_BUNDLE_IDENTIFIER = Abibulla.company.kz.Weather;
				PRODUCT_NAME = "$(TARGET_NAME)";
				SWIFT_EMIT_LOC_STRINGS = YES;
				SWIFT_VERSION = 5.0;
				TARGETED_DEVICE_FAMILY = "1,2";
			};
			name = Debug;
		};
		15C8693129FA7312003E7070 /* Release */ = {
			isa = XCBuildConfiguration;
			buildSettings = {
				ASSETCATALOG_COMPILER_APPICON_NAME = AppIcon;
				ASSETCATALOG_COMPILER_GLOBAL_ACCENT_COLOR_NAME = AccentColor;
				CODE_SIGN_STYLE = Automatic;
				CURRENT_PROJECT_VERSION = 1;
				DEVELOPMENT_TEAM = 8HKVNABZM4;
				GENERATE_INFOPLIST_FILE = YES;
				INFOPLIST_FILE = Weather/Info.plist;
				INFOPLIST_KEY_UIApplicationSupportsIndirectInputEvents = YES;
				INFOPLIST_KEY_UILaunchStoryboardName = LaunchScreen;
				INFOPLIST_KEY_UIMainStoryboardFile = Main;
				INFOPLIST_KEY_UISupportedInterfaceOrientations_iPad = "UIInterfaceOrientationPortrait UIInterfaceOrientationPortraitUpsideDown UIInterfaceOrientationLandscapeLeft UIInterfaceOrientationLandscapeRight";
				INFOPLIST_KEY_UISupportedInterfaceOrientations_iPhone = "UIInterfaceOrientationPortrait UIInterfaceOrientationLandscapeLeft UIInterfaceOrientationLandscapeRight";
				LD_RUNPATH_SEARCH_PATHS = (
					"$(inherited)",
					"@executable_path/Frameworks",
				);
				MARKETING_VERSION = 1.0;
				PRODUCT_BUNDLE_IDENTIFIER = Abibulla.company.kz.Weather;
				PRODUCT_NAME = "$(TARGET_NAME)";
				SWIFT_EMIT_LOC_STRINGS = YES;
				SWIFT_VERSION = 5.0;
				TARGETED_DEVICE_FAMILY = "1,2";
			};
			name = Release;
		};
		15C8693329FA7312003E7070 /* Debug */ = {
			isa = XCBuildConfiguration;
			buildSettings = {
				ALWAYS_EMBED_SWIFT_STANDARD_LIBRARIES = YES;
				BUNDLE_LOADER = "$(TEST_HOST)";
				CODE_SIGN_STYLE = Automatic;
				CURRENT_PROJECT_VERSION = 1;
				DEVELOPMENT_TEAM = 8HKVNABZM4;
				GENERATE_INFOPLIST_FILE = YES;
				IPHONEOS_DEPLOYMENT_TARGET = 16.2;
				MARKETING_VERSION = 1.0;
				PRODUCT_BUNDLE_IDENTIFIER = Abibulla.company.kz.WeatherTests;
				PRODUCT_NAME = "$(TARGET_NAME)";
				SWIFT_EMIT_LOC_STRINGS = NO;
				SWIFT_VERSION = 5.0;
				TARGETED_DEVICE_FAMILY = "1,2";
				TEST_HOST = "$(BUILT_PRODUCTS_DIR)/Weather.app/$(BUNDLE_EXECUTABLE_FOLDER_PATH)/Weather";
			};
			name = Debug;
		};
		15C8693429FA7312003E7070 /* Release */ = {
			isa = XCBuildConfiguration;
			buildSettings = {
				ALWAYS_EMBED_SWIFT_STANDARD_LIBRARIES = YES;
				BUNDLE_LOADER = "$(TEST_HOST)";
				CODE_SIGN_STYLE = Automatic;
				CURRENT_PROJECT_VERSION = 1;
				DEVELOPMENT_TEAM = 8HKVNABZM4;
				GENERATE_INFOPLIST_FILE = YES;
				IPHONEOS_DEPLOYMENT_TARGET = 16.2;
				MARKETING_VERSION = 1.0;
				PRODUCT_BUNDLE_IDENTIFIER = Abibulla.company.kz.WeatherTests;
				PRODUCT_NAME = "$(TARGET_NAME)";
				SWIFT_EMIT_LOC_STRINGS = NO;
				SWIFT_VERSION = 5.0;
				TARGETED_DEVICE_FAMILY = "1,2";
				TEST_HOST = "$(BUILT_PRODUCTS_DIR)/Weather.app/$(BUNDLE_EXECUTABLE_FOLDER_PATH)/Weather";
			};
			name = Release;
		};
		15C8693629FA7312003E7070 /* Debug */ = {
			isa = XCBuildConfiguration;
			buildSettings = {
				ALWAYS_EMBED_SWIFT_STANDARD_LIBRARIES = YES;
				CODE_SIGN_STYLE = Automatic;
				CURRENT_PROJECT_VERSION = 1;
				DEVELOPMENT_TEAM = 8HKVNABZM4;
				GENERATE_INFOPLIST_FILE = YES;
				MARKETING_VERSION = 1.0;
				PRODUCT_BUNDLE_IDENTIFIER = Abibulla.company.kz.WeatherUITests;
				PRODUCT_NAME = "$(TARGET_NAME)";
				SWIFT_EMIT_LOC_STRINGS = NO;
				SWIFT_VERSION = 5.0;
				TARGETED_DEVICE_FAMILY = "1,2";
				TEST_TARGET_NAME = Weather;
			};
			name = Debug;
		};
		15C8693729FA7312003E7070 /* Release */ = {
			isa = XCBuildConfiguration;
			buildSettings = {
				ALWAYS_EMBED_SWIFT_STANDARD_LIBRARIES = YES;
				CODE_SIGN_STYLE = Automatic;
				CURRENT_PROJECT_VERSION = 1;
				DEVELOPMENT_TEAM = 8HKVNABZM4;
				GENERATE_INFOPLIST_FILE = YES;
				MARKETING_VERSION = 1.0;
				PRODUCT_BUNDLE_IDENTIFIER = Abibulla.company.kz.WeatherUITests;
				PRODUCT_NAME = "$(TARGET_NAME)";
				SWIFT_EMIT_LOC_STRINGS = NO;
				SWIFT_VERSION = 5.0;
				TARGETED_DEVICE_FAMILY = "1,2";
				TEST_TARGET_NAME = Weather;
			};
			name = Release;
		};
/* End XCBuildConfiguration section */

/* Begin XCConfigurationList section */
		15C8690029FA7310003E7070 /* Build configuration list for PBXProject "Weather" */ = {
			isa = XCConfigurationList;
			buildConfigurations = (
				15C8692D29FA7312003E7070 /* Debug */,
				15C8692E29FA7312003E7070 /* Release */,
			);
			defaultConfigurationIsVisible = 0;
			defaultConfigurationName = Release;
		};
		15C8692F29FA7312003E7070 /* Build configuration list for PBXNativeTarget "Weather" */ = {
			isa = XCConfigurationList;
			buildConfigurations = (
				15C8693029FA7312003E7070 /* Debug */,
				15C8693129FA7312003E7070 /* Release */,
			);
			defaultConfigurationIsVisible = 0;
			defaultConfigurationName = Release;
		};
		15C8693229FA7312003E7070 /* Build configuration list for PBXNativeTarget "WeatherTests" */ = {
			isa = XCConfigurationList;
			buildConfigurations = (
				15C8693329FA7312003E7070 /* Debug */,
				15C8693429FA7312003E7070 /* Release */,
			);
			defaultConfigurationIsVisible = 0;
			defaultConfigurationName = Release;
		};
		15C8693529FA7312003E7070 /* Build configuration list for PBXNativeTarget "WeatherUITests" */ = {
			isa = XCConfigurationList;
			buildConfigurations = (
				15C8693629FA7312003E7070 /* Debug */,
				15C8693729FA7312003E7070 /* Release */,
			);
			defaultConfigurationIsVisible = 0;
			defaultConfigurationName = Release;
		};
/* End XCConfigurationList section */

/* Begin XCRemoteSwiftPackageReference section */
		15C8693A29FA8252003E7070 /* XCRemoteSwiftPackageReference "Alamofire" */ = {
			isa = XCRemoteSwiftPackageReference;
			repositoryURL = "https://github.com/Alamofire/Alamofire.git";
			requirement = {
				kind = upToNextMajorVersion;
				minimumVersion = 5.0.0;
			};
		};
/* End XCRemoteSwiftPackageReference section */

/* Begin XCSwiftPackageProductDependency section */
		15C8693B29FA8252003E7070 /* Alamofire */ = {
			isa = XCSwiftPackageProductDependency;
			package = 15C8693A29FA8252003E7070 /* XCRemoteSwiftPackageReference "Alamofire" */;
			productName = Alamofire;
		};
/* End XCSwiftPackageProductDependency section */
	};
	rootObject = 15C868FD29FA7310003E7070 /* Project object */;
}
